
Microsoft Visual Studio Solution File, Format Version 11.00
# Visual C# Express 2010
Project("{FAE04EC0-301F-11D3-BF4B-00C04F79EFBC}") = "PokemonBattleLog", "PokemonBattleLog\PokemonBattleLog.csproj", "{665BF164-83D3-4630-A29F-5565A4BEA19A}"
EndProject
Global
	GlobalSection(SolutionConfigurationPlatforms) = preSolution
		Debug|x86 = Debug|x86
		Release|x86 = Release|x86
	EndGlobalSection
	GlobalSection(ProjectConfigurationPlatforms) = postSolution
		{665BF164-83D3-4630-A29F-5565A4BEA19A}.Debug|x86.ActiveCfg = Debug|x86
		{665BF164-83D3-4630-A29F-5565A4BEA19A}.Debug|x86.Build.0 = Debug|x86
		{665BF164-83D3-4630-A29F-5565A4BEA19A}.Release|x86.ActiveCfg = Release|x86
		{665BF164-83D3-4630-A29F-5565A4BEA19A}.Release|x86.Build.0 = Release|x86
	EndGlobalSection
	GlobalSection(SolutionProperties) = preSolution
		HideSolutionNode = FALSE
	EndGlobalSection
EndGlobal
